# This file is autogenerated, do not edit; changes may be undone by the next 'dep ensure'.


[[projects]]
  branch = "master"
  digest = "1:1c87dda62565d1fa697eff0bc9a07ad49c1a992ac5f5b774b4948c251bb2cb7c"
  name = "github.com/CuCTeMeH/rss"
  packages = ["reader"]
  pruneopts = "UT"
  revision = "edb93cf7121a14e5c87cd04f0dca8794f7c4fb4b"

[[projects]]
  digest = "1:f02850a087818d0200334ff2a4c33a30750a8c45f7f2ddcc3d52bb20aa0e798b"
  name = "github.com/PuerkitoBio/goquery"
  packages = ["."]
  pruneopts = "UT"
  revision = "1b16b92ddf27ae338f7f162d5e4316b31bccdb8e"
  version = "v1.5.1"

[[projects]]
  digest = "1:4541494abfa96c333e22c3ecef56724ba74de46772581dc2d106e9cbaf0640c9"
  name = "github.com/andybalholm/cascadia"
  packages = ["."]
  pruneopts = "UT"
  revision = "903109d295d56a99095f2cfab0c2ca8d4b22f648"
  version = "v1.2.0"

[[projects]]
  digest = "1:80057945464ffb5b0da1f026beb8df0e8dbd098eaf771a349291bed2cd29a83e"
  name = "github.com/fsnotify/fsnotify"
  packages = ["."]
  pruneopts = "UT"
  revision = "45d7d09e39ef4ac08d493309fa031790c15bfe8a"
  version = "v1.4.9"

[[projects]]
  digest = "1:c0d19ab64b32ce9fe5cf4ddceba78d5bc9807f0016db6b1183599da3dcc24d10"
  name = "github.com/hashicorp/hcl"
  packages = [
    ".",
    "hcl/ast",
    "hcl/parser",
    "hcl/printer",
    "hcl/scanner",
    "hcl/strconv",
    "hcl/token",
    "json/parser",
    "json/scanner",
    "json/token",
  ]
  pruneopts = "UT"
  revision = "8cb6e5b959231cc1119e43259c4a608f9c51a241"
  version = "v1.0.0"

[[projects]]
  digest = "1:09cb61dc19af93deae01587e2fdb1c081e0bf48f1a5ad5fa24f48750dc57dce8"
  name = "github.com/konsorten/go-windows-terminal-sequences"
  packages = ["."]
  pruneopts = "UT"
  revision = "edb144dfd453055e1e49a3d8b410a660b5a87613"
  version = "v1.0.3"

[[projects]]
  digest = "1:5a0ef768465592efca0412f7e838cdc0826712f8447e70e6ccc52eb441e9ab13"
  name = "github.com/magiconair/properties"
  packages = ["."]
  pruneopts = "UT"
  revision = "de8848e004dd33dc07a2947b3d76f618a7fc7ef1"
  version = "v1.8.1"

[[projects]]
  digest = "1:297791112a7dced4f5bcc044c447cbc3d906667884e8f792f4eb8aa1aa27f3af"
  name = "github.com/mitchellh/mapstructure"
  packages = ["."]
  pruneopts = "UT"
  revision = "d16e9488127408e67948eb43b6d3fbb9f222da10"
  version = "v1.3.2"

[[projects]]
  digest = "1:1d227373cef81334ffeb1ecc55d44fc0806e65f084575390591741359a6fe59b"
  name = "github.com/mmcdole/gofeed"
  packages = [
    ".",
    "atom",
    "extensions",
    "internal/shared",
    "rss",
  ]
  pruneopts = "UT"
  revision = "4298e4366be3f64365cf257806159ed24bf89a4f"
  version = "v1.0.0"

[[projects]]
  branch = "master"
  digest = "1:fb880b85ddcd119242ca65175135771539226ab4f004ddf76b6b1220da231ea2"
  name = "github.com/mmcdole/goxpp"
  packages = ["."]
  pruneopts = "UT"
  revision = "0068e33feabfc0086c7aeb58a9603f91c061c89f"

[[projects]]
  digest = "1:a9f00de9b605c251f5f1eba5d34c238131f0a7d38f6e7126c6bacc073f314865"
  name = "github.com/nxadm/tail"
  packages = [
    ".",
    "ratelimiter",
    "util",
    "watch",
    "winfile",
  ]
  pruneopts = "UT"
  revision = "327c577245448d8192115e77a76ea3d6aee88202"
  version = "v1.4.4"

[[projects]]
  digest = "1:e114df9f39b26463cbbdc288fd788136d8c8a095e4f92d75e78592fa0eab307b"
  name = "github.com/onsi/ginkgo"
  packages = [
    ".",
    "config",
    "internal/codelocation",
    "internal/containernode",
    "internal/failer",
    "internal/global",
    "internal/leafnodes",
    "internal/remote",
    "internal/spec",
    "internal/spec_iterator",
    "internal/specrunner",
    "internal/suite",
    "internal/testingtproxy",
    "internal/writer",
    "reporters",
    "reporters/stenographer",
    "reporters/stenographer/support/go-colorable",
    "reporters/stenographer/support/go-isatty",
    "types",
  ]
  pruneopts = "UT"
  revision = "9c254cb251dc962dc20ca91d0279c870095cfcf9"
  version = "v1.14.0"

[[projects]]
  digest = "1:3816c86215b9f91b1281eb11ddb26f4d8a20fd178f9466721d0ace012618842e"
  name = "github.com/onsi/gomega"
  packages = [
    ".",
    "format",
    "internal/assertion",
    "internal/asyncassertion",
    "internal/oraclematcher",
    "internal/testingtsupport",
    "matchers",
    "matchers/support/goraph/bipartitegraph",
    "matchers/support/goraph/edge",
    "matchers/support/goraph/node",
    "matchers/support/goraph/util",
    "types",
  ]
  pruneopts = "UT"
  revision = "904ac6ab26e9a888bdff3467eea03b6122a1c027"
  version = "v1.10.1"

[[projects]]
  digest = "1:53aab5f59edb1cd47773bbbb5b1b6d0b76b0c9e31cfac670a0bb7ccc917e98a3"
  name = "github.com/pelletier/go-toml"
  packages = ["."]
  pruneopts = "UT"
  revision = "16c9a8bdc086a2130a88eff98df4088e4c359bb2"
  version = "v1.8.0"

[[projects]]
  digest = "1:05eebdd5727fea23083fce0d98d307d70c86baed644178e81608aaa9f09ea469"
  name = "github.com/sirupsen/logrus"
  packages = ["."]
  pruneopts = "UT"
  revision = "60c74ad9be0d874af0ab0daef6ab07c5c5911f0d"
  version = "v1.6.0"

[[projects]]
  digest = "1:737edd9913ce17ce195f540502be64dcc2cf14168e610ede7a945cd9bb0a8ce7"
  name = "github.com/spf13/afero"
  packages = [
    ".",
    "mem",
  ]
  pruneopts = "UT"
  revision = "64b7ddd95f1fbe60faf105741af72d8f3579e5f0"
  version = "v1.3.1"

[[projects]]
  digest = "1:ff4cd55a3666b6ea3a876c9e133bfb54d6c812e725409a773f2c94a0b3a92f4f"
  name = "github.com/spf13/cast"
  packages = ["."]
  pruneopts = "UT"
  revision = "1ffadf551085444af981432dd0f6d1160c11ec64"
  version = "v1.3.1"

[[projects]]
  digest = "1:1b753ec16506f5864d26a28b43703c58831255059644351bbcb019b843950900"
  name = "github.com/spf13/jwalterweatherman"
  packages = ["."]
  pruneopts = "UT"
  revision = "94f6ae3ed3bceceafa716478c5fbf8d29ca601a1"
  version = "v1.1.0"

[[projects]]
  digest = "1:524b71991fc7d9246cc7dc2d9e0886ccb97648091c63e30eef619e6862c955dd"
  name = "github.com/spf13/pflag"
  packages = ["."]
  pruneopts = "UT"
  revision = "2e9d26c8c37aae03e3f9d4e90b7116f5accb7cab"
  version = "v1.0.5"

[[projects]]
  digest = "1:973661255593cb4cca15cf62e3bd80cc34ee1490aae470aa61e668060838f94f"
  name = "github.com/spf13/viper"
  packages = ["."]
  pruneopts = "UT"
  revision = "13df72109047b6ae9c907bce81e327265d6d8a9c"
  version = "v1.7.0"

[[projects]]
  digest = "1:f4b32291cad5efac2bfdba89ccde6aa04618b62ce06c1a571da2dc4f3f2677fb"
  name = "github.com/subosito/gotenv"
  packages = ["."]
  pruneopts = "UT"
  revision = "2ef7124db659d49edac6aa459693a15ae36c671a"
  version = "v1.2.0"

[[projects]]
  branch = "master"
  digest = "1:8c294aabd4396170f5bcbb763d558e4c8d21ded4b2a1618dfb664e58a4fffeef"
  name = "golang.org/x/net"
  packages = [
    "html",
    "html/atom",
    "html/charset",
  ]
  pruneopts = "UT"
  revision = "4c5254603344ea4a8ae4bed7e296a9588303e14f"

[[projects]]
  branch = "master"
  digest = "1:de18db9b6b884884bbb43eafaee3c72a06c8d4ac69d87411c52b5801a5e814f7"
  name = "golang.org/x/sys"
  packages = [
    "internal/unsafeheader",
    "unix",
  ]
  pruneopts = "UT"
  revision = "ddb9806d33aed8dbaac1cd6f1cba58952e87f933"

[[projects]]
  digest = "1:517b82807b3218687e9eb32fe11de9cb07a38d06554d04cd1965c0441360c0b3"
  name = "golang.org/x/text"
  packages = [
    "encoding",
    "encoding/charmap",
    "encoding/htmlindex",
    "encoding/internal",
    "encoding/internal/identifier",
    "encoding/japanese",
    "encoding/korean",
    "encoding/simplifiedchinese",
    "encoding/traditionalchinese",
    "encoding/unicode",
    "internal/gen",
    "internal/language",
    "internal/language/compact",
    "internal/tag",
    "internal/triegen",
    "internal/ucd",
    "internal/utf8internal",
    "language",
    "runes",
    "transform",
    "unicode/cldr",
    "unicode/norm",
  ]
  pruneopts = "UT"
  revision = "23ae387dee1f90d29a23c0e87ee0b46038fbed0e"
  version = "v0.3.3"

[[projects]]
  branch = "master"
  digest = "1:918a46e4a2fb83df33f668f5a6bd51b2996775d073fce1800d3ec01b0a5ddd2b"
  name = "golang.org/x/xerrors"
  packages = [
    ".",
    "internal",
  ]
  pruneopts = "UT"
  revision = "9bdfabe68543c54f90421aeb9a60ef8061b5b544"

[[projects]]
  digest = "1:2a8ce9278a57dba0bca00383d26744e88324c2696ad8538b3f7a69067d02d78c"
  name = "gopkg.in/ini.v1"
  packages = ["."]
  pruneopts = "UT"
  revision = "1fc6efb6f20ef065ae00baf7f4fa7722cad0ec34"
  version = "v1.57.0"

[[projects]]
  branch = "v1"
  digest = "1:0caa92e17bc0b65a98c63e5bc76a9e844cd5e56493f8fdbb28fad101a16254d9"
  name = "gopkg.in/tomb.v1"
  packages = ["."]
  pruneopts = "UT"
  revision = "dd632973f1e7218eb1089048e0798ec9ae7dceb8"

[[projects]]
  digest = "1:d7f1bd887dc650737a421b872ca883059580e9f8314d601f88025df4f4802dce"
  name = "gopkg.in/yaml.v2"
  packages = ["."]
  pruneopts = "UT"
  revision = "0b1645d91e851e735d3e23330303ce81f70adbe3"
  version = "v2.3.0"

[solve-meta]
  analyzer-name = "dep"
  analyzer-version = 1
  input-imports = [
    "github.com/CuCTeMeH/rss/reader",
    "github.com/onsi/ginkgo",
    "github.com/onsi/gomega",
    "github.com/sirupsen/logrus",
    "github.com/spf13/viper",
  ]
  solver-name = "gps-cdcl"
  solver-version = 1
